// !$*UTF8*$!
{
	archiveVersion = 1;
	classes = {
	};
	objectVersion = 50;
	objects = {

/* Begin PBXBuildFile section */
		9041F5CD2469628300F2E4B7 /* AppDelegate.swift in Sources */ = {isa = PBXBuildFile; fileRef = 9041F5CC2469628300F2E4B7 /* AppDelegate.swift */; };
		9041F5CF2469628300F2E4B7 /* SceneDelegate.swift in Sources */ = {isa = PBXBuildFile; fileRef = 9041F5CE2469628300F2E4B7 /* SceneDelegate.swift */; };
		9041F5D22469628300F2E4B7 /* Duo_Temp.xcdatamodeld in Sources */ = {isa = PBXBuildFile; fileRef = 9041F5D02469628300F2E4B7 /* Duo_Temp.xcdatamodeld */; };
		9041F5D42469628300F2E4B7 /* ContentView.swift in Sources */ = {isa = PBXBuildFile; fileRef = 9041F5D32469628300F2E4B7 /* ContentView.swift */; };
		9041F5D62469628600F2E4B7 /* Assets.xcassets in Resources */ = {isa = PBXBuildFile; fileRef = 9041F5D52469628600F2E4B7 /* Assets.xcassets */; };
		9041F5D92469628600F2E4B7 /* Preview Assets.xcassets in Resources */ = {isa = PBXBuildFile; fileRef = 9041F5D82469628600F2E4B7 /* Preview Assets.xcassets */; };
		9041F5DC2469628600F2E4B7 /* LaunchScreen.storyboard in Resources */ = {isa = PBXBuildFile; fileRef = 9041F5DA2469628600F2E4B7 /* LaunchScreen.storyboard */; };
/* End PBXBuildFile section */

/* Begin PBXFileReference section */
		9041F5C92469628300F2E4B7 /* Duo Temp.app */ = {isa = PBXFileReference; explicitFileType = wrapper.application; includeInIndex = 0; path = "Duo Temp.app"; sourceTree = BUILT_PRODUCTS_DIR; };
		9041F5CC2469628300F2E4B7 /* AppDelegate.swift */ = {isa = PBXFileReference; lastKnownFileType = sourcecode.swift; path = AppDelegate.swift; sourceTree = "<group>"; };
		9041F5CE2469628300F2E4B7 /* SceneDelegate.swift */ = {isa = PBXFileReference; lastKnownFileType = sourcecode.swift; path = SceneDelegate.swift; sourceTree = "<group>"; };
		9041F5D12469628300F2E4B7 /* Duo_Temp.xcdatamodel */ = {isa = PBXFileReference; lastKnownFileType = wrapper.xcdatamodel; path = Duo_Temp.xcdatamodel; sourceTree = "<group>"; };
		9041F5D32469628300F2E4B7 /* ContentView.swift */ = {isa = PBXFileReference; lastKnownFileType = sourcecode.swift; path = ContentView.swift; sourceTree = "<group>"; };
		9041F5D52469628600F2E4B7 /* Assets.xcassets */ = {isa = PBXFileReference; lastKnownFileType = folder.assetcatalog; path = Assets.xcassets; sourceTree = "<group>"; };
		9041F5D82469628600F2E4B7 /* Preview Assets.xcassets */ = {isa = PBXFileReference; lastKnownFileType = folder.assetcatalog; path = "Preview Assets.xcassets"; sourceTree = "<group>"; };
		9041F5DB2469628600F2E4B7 /* Base */ = {isa = PBXFileReference; lastKnownFileType = file.storyboard; name = Base; path = Base.lproj/LaunchScreen.storyboard; sourceTree = "<group>"; };
		9041F5DD2469628600F2E4B7 /* Info.plist */ = {isa = PBXFileReference; lastKnownFileType = text.plist.xml; path = Info.plist; sourceTree = "<group>"; };
/* End PBXFileReference section */

/* Begin PBXFrameworksBuildPhase section */
		9041F5C62469628300F2E4B7 /* Frameworks */ = {
			isa = PBXFrameworksBuildPhase;
			buildActionMask = 2147483647;
			files = (
			);
			runOnlyForDeploymentPostprocessing = 0;
		};
/* End PBXFrameworksBuildPhase section */

/* Begin PBXGroup section */
		9041F5C02469628300F2E4B7 = {
			isa = PBXGroup;
			children = (
				9041F5CB2469628300F2E4B7 /* Duo Temp */,
				9041F5CA2469628300F2E4B7 /* Products */,
			);
			sourceTree = "<group>";
		};
		9041F5CA2469628300F2E4B7 /* Products */ = {
			isa = PBXGroup;
			children = (
				9041F5C92469628300F2E4B7 /* Duo Temp.app */,
			);
			name = Products;
			sourceTree = "<group>";
		};
		9041F5CB2469628300F2E4B7 /* Duo Temp */ = {
			isa = PBXGroup;
			children = (
				9041F5CC2469628300F2E4B7 /* AppDelegate.swift */,
				9041F5CE2469628300F2E4B7 /* SceneDelegate.swift */,
				9041F5D32469628300F2E4B7 /* ContentView.swift */,
				9041F5D52469628600F2E4B7 /* Assets.xcassets */,
				9041F5DA2469628600F2E4B7 /* LaunchScreen.storyboard */,
				9041F5DD2469628600F2E4B7 /* Info.plist */,
				9041F5D02469628300F2E4B7 /* Duo_Temp.xcdatamodeld */,
				9041F5D72469628600F2E4B7 /* Preview Content */,
			);
			path = "Duo Temp";
			sourceTree = "<group>";
		};
		9041F5D72469628600F2E4B7 /* Preview Content */ = {
			isa = PBXGroup;
			children = (
				9041F5D82469628600F2E4B7 /* Preview Assets.xcassets */,
			);
			path = "Preview Content";
			sourceTree = "<group>";
		};
/* End PBXGroup section */

/* Begin PBXNativeTarget section */
		9041F5C82469628300F2E4B7 /* Duo Temp */ = {
			isa = PBXNativeTarget;
			buildConfigurationList = 9041F5E02469628600F2E4B7 /* Build configuration list for PBXNativeTarget "Duo Temp" */;
			buildPhases = (
				9041F5C52469628300F2E4B7 /* Sources */,
				9041F5C62469628300F2E4B7 /* Frameworks */,
				9041F5C72469628300F2E4B7 /* Resources */,
			);
			buildRules = (
			);
			dependencies = (
			);
			name = "Duo Temp";
			productName = "Duo Temp";
			productReference = 9041F5C92469628300F2E4B7 /* Duo Temp.app */;
			productType = "com.apple.product-type.application";
		};
/* End PBXNativeTarget section */

/* Begin PBXProject section */
		9041F5C12469628300F2E4B7 /* Project object */ = {
			isa = PBXProject;
			attributes = {
				LastSwiftUpdateCheck = 1140;
				LastUpgradeCheck = 1140;
				ORGANIZATIONNAME = "Erik Kuipers";
				TargetAttributes = {
					9041F5C82469628300F2E4B7 = {
						CreatedOnToolsVersion = 11.4.1;
					};
				};
			};
			buildConfigurationList = 9041F5C42469628300F2E4B7 /* Build configuration list for PBXProject "Duo Temp" */;
			compatibilityVersion = "Xcode 9.3";
			developmentRegion = en;
			hasScannedForEncodings = 0;
			knownRegions = (
				en,
				Base,
			);
			mainGroup = 9041F5C02469628300F2E4B7;
			productRefGroup = 9041F5CA2469628300F2E4B7 /* Products */;
			projectDirPath = "";
			projectRoot = "";
			targets = (
				9041F5C82469628300F2E4B7 /* Duo Temp */,
			);
		};
/* End PBXProject section */

/* Begin PBXResourcesBuildPhase section */
		9041F5C72469628300F2E4B7 /* Resources */ = {
			isa = PBXResourcesBuildPhase;
			buildActionMask = 2147483647;
			files = (
				9041F5DC2469628600F2E4B7 /* LaunchScreen.storyboard in Resources */,
				9041F5D92469628600F2E4B7 /* Preview Assets.xcassets in Resources */,
				9041F5D62469628600F2E4B7 /* Assets.xcassets in Resources */,
			);
			runOnlyForDeploymentPostprocessing = 0;
		};
/* End PBXResourcesBuildPhase section */

/* Begin PBXSourcesBuildPhase section */
		9041F5C52469628300F2E4B7 /* Sources */ = {
			isa = PBXSourcesBuildPhase;
			buildActionMask = 2147483647;
			files = (
				9041F5D22469628300F2E4B7 /* Duo_Temp.xcdatamodeld in Sources */,
				9041F5CD2469628300F2E4B7 /* AppDelegate.swift in Sources */,
				9041F5D42469628300F2E4B7 /* ContentView.swift in Sources */,
				9041F5CF2469628300F2E4B7 /* SceneDelegate.swift in Sources */,
			);
			runOnlyForDeploymentPostprocessing = 0;
		};
/* End PBXSourcesBuildPhase section */

/* Begin PBXVariantGroup section */
		9041F5DA2469628600F2E4B7 /* LaunchScreen.storyboard */ = {
			isa = PBXVariantGroup;
			children = (
				9041F5DB2469628600F2E4B7 /* Base */,
			);
			name = LaunchScreen.storyboard;
			sourceTree = "<group>";
		};
/* End PBXVariantGroup section */

/* Begin XCBuildConfiguration section */
		9041F5DE2469628600F2E4B7 /* Debug */ = {
			isa = XCBuildConfiguration;
			buildSettings = {
				ALWAYS_SEARCH_USER_PATHS = NO;
				CLANG_ANALYZER_NONNULL = YES;
				CLANG_ANALYZER_NUMBER_OBJECT_CONVERSION = YES_AGGRESSIVE;
				CLANG_CXX_LANGUAGE_STANDARD = "gnu++14";
				CLANG_CXX_LIBRARY = "libc++";
				CLANG_ENABLE_MODULES = YES;
				CLANG_ENABLE_OBJC_ARC = YES;
				CLANG_ENABLE_OBJC_WEAK = YES;
				CLANG_WARN_BLOCK_CAPTURE_AUTORELEASING = YES;
				CLANG_WARN_BOOL_CONVERSION = YES;
				CLANG_WARN_COMMA = YES;
				CLANG_WARN_CONSTANT_CONVERSION = YES;
				CLANG_WARN_DEPRECATED_OBJC_IMPLEMENTATIONS = YES;
				CLANG_WARN_DIRECT_OBJC_ISA_USAGE = YES_ERROR;
				CLANG_WARN_DOCUMENTATION_COMMENTS = YES;
				CLANG_WARN_EMPTY_BODY = YES;
				CLANG_WARN_ENUM_CONVERSION = YES;
				CLANG_WARN_INFINITE_RECURSION = YES;
				CLANG_WARN_INT_CONVERSION = YES;
				CLANG_WARN_NON_LITERAL_NULL_CONVERSION = YES;
				CLANG_WARN_OBJC_IMPLICIT_RETAIN_SELF = YES;
				CLANG_WARN_OBJC_LITERAL_CONVERSION = YES;
				CLANG_WARN_OBJC_ROOT_CLASS = YES_ERROR;
				CLANG_WARN_RANGE_LOOP_ANALYSIS = YES;
				CLANG_WARN_STRICT_PROTOTYPES = YES;
				CLANG_WARN_SUSPICIOUS_MOVE = YES;
				CLANG_WARN_UNGUARDED_AVAILABILITY = YES_AGGRESSIVE;
				CLANG_WARN_UNREACHABLE_CODE = YES;
				CLANG_WARN__DUPLICATE_METHOD_MATCH = YES;
				COPY_PHASE_STRIP = NO;
				DEBUG_INFORMATION_FORMAT = dwarf;
				ENABLE_STRICT_OBJC_MSGSEND = YES;
				ENABLE_TESTABILITY = YES;
				GCC_C_LANGUAGE_STANDARD = gnu11;
				GCC_DYNAMIC_NO_PIC = NO;
				GCC_NO_COMMON_BLOCKS = YES;
				GCC_OPTIMIZATION_LEVEL = 0;
				GCC_PREPROCESSOR_DEFINITIONS = (
					"DEBUG=1",
					"$(inherited)",
				);
				GCC_WARN_64_TO_32_BIT_CONVERSION = YES;
				GCC_WARN_ABOUT_RETURN_TYPE = YES_ERROR;
				GCC_WARN_UNDECLARED_SELECTOR = YES;
				GCC_WARN_UNINITIALIZED_AUTOS = YES_AGGRESSIVE;
				GCC_WARN_UNUSED_FUNCTION = YES;
				GCC_WARN_UNUSED_VARIABLE = YES;
				IPHONEOS_DEPLOYMENT_TARGET = 13.4;
				MTL_ENABLE_DEBUG_INFO = INCLUDE_SOURCE;
				MTL_FAST_MATH = YES;
				ONLY_ACTIVE_ARCH = YES;
				SDKROOT = iphoneos;
				SWIFT_ACTIVE_COMPILATION_CONDITIONS = DEBUG;
				SWIFT_OPTIMIZATION_LEVEL = "-Onone";
			};
			name = Debug;
		};
		9041F5DF2469628600F2E4B7 /* Release */ = {
			isa = XCBuildConfiguration;
			buildSettings = {
				ALWAYS_SEARCH_USER_PATHS = NO;
				CLANG_ANALYZER_NONNULL = YES;
				CLANG_ANALYZER_NUMBER_OBJECT_CONVERSION = YES_AGGRESSIVE;
				CLANG_CXX_LANGUAGE_STANDARD = "gnu++14";
				CLANG_CXX_LIBRARY = "libc++";
				CLANG_ENABLE_MODULES = YES;
				CLANG_ENABLE_OBJC_ARC = YES;
				CLANG_ENABLE_OBJC_WEAK = YES;
				CLANG_WARN_BLOCK_CAPTURE_AUTORELEASING = YES;
				CLANG_WARN_BOOL_CONVERSION = YES;
				CLANG_WARN_COMMA = YES;
				CLANG_WARN_CONSTANT_CONVERSION = YES;
				CLANG_WARN_DEPRECATED_OBJC_IMPLEMENTATIONS = YES;
				CLANG_WARN_DIRECT_OBJC_ISA_USAGE = YES_ERROR;
				CLANG_WARN_DOCUMENTATION_COMMENTS = YES;
				CLANG_WARN_EMPTY_BODY = YES;
				CLANG_WARN_ENUM_CONVERSION = YES;
				CLANG_WARN_INFINITE_RECURSION = YES;
				CLANG_WARN_INT_CONVERSION = YES;
				CLANG_WARN_NON_LITERAL_NULL_CONVERSION = YES;
				CLANG_WARN_OBJC_IMPLICIT_RETAIN_SELF = YES;
				CLANG_WARN_OBJC_LITERAL_CONVERSION = YES;
				CLANG_WARN_OBJC_ROOT_CLASS = YES_ERROR;
				CLANG_WARN_RANGE_LOOP_ANALYSIS = YES;
				CLANG_WARN_STRICT_PROTOTYPES = YES;
				CLANG_WARN_SUSPICIOUS_MOVE = YES;
				CLANG_WARN_UNGUARDED_AVAILABILITY = YES_AGGRESSIVE;
				CLANG_WARN_UNREACHABLE_CODE = YES;
				CLANG_WARN__DUPLICATE_METHOD_MATCH = YES;
				COPY_PHASE_STRIP = NO;
				DEBUG_INFORMATION_FORMAT = "dwarf-with-dsym";
				ENABLE_NS_ASSERTIONS = NO;
				ENABLE_STRICT_OBJC_MSGSEND = YES;
				GCC_C_LANGUAGE_STANDARD = gnu11;
				GCC_NO_COMMON_BLOCKS = YES;
				GCC_WARN_64_TO_32_BIT_CONVERSION = YES;
				GCC_WARN_ABOUT_RETURN_TYPE = YES_ERROR;
				GCC_WARN_UNDECLARED_SELECTOR = YES;
				GCC_WARN_UNINITIALIZED_AUTOS = YES_AGGRESSIVE;
				GCC_WARN_UNUSED_FUNCTION = YES;
				GCC_WARN_UNUSED_VARIABLE = YES;
				IPHONEOS_DEPLOYMENT_TARGET = 13.4;
				MTL_ENABLE_DEBUG_INFO = NO;
				MTL_FAST_MATH = YES;
				SDKROOT = iphoneos;
				SWIFT_COMPILATION_MODE = wholemodule;
				SWIFT_OPTIMIZATION_LEVEL = "-O";
				VALIDATE_PRODUCT = YES;
			};
			name = Release;
		};
		9041F5E12469628600F2E4B7 /* Debug */ = {
			isa = XCBuildConfiguration;
			buildSettings = {
				ASSETCATALOG_COMPILER_APPICON_NAME = AppIcon;
				CODE_SIGN_STYLE = Automatic;
				DEVELOPMENT_ASSET_PATHS = "\"Duo Temp/Preview Content\"";
				DEVELOPMENT_TEAM = 9MC296Q2Y9;
				ENABLE_PREVIEWS = YES;
				INFOPLIST_FILE = "Duo Temp/Info.plist";
				LD_RUNPATH_SEARCH_PATHS = (
					"$(inherited)",
					"@executable_path/Frameworks",
				);
				PRODUCT_BUNDLE_IDENTIFIER = "eu.eckodesign.Duo-Temp";
				PRODUCT_NAME = "$(TARGET_NAME)";
				SWIFT_VERSION = 5.0;
				TARGETED_DEVICE_FAMILY = "1,2";
			};
			name = Debug;
		};
		9041F5E22469628600F2E4B7 /* Release */ = {
			isa = XCBuildConfiguration;
			buildSettings = {
				ASSETCATALOG_COMPILER_APPICON_NAME = AppIcon;
				CODE_SIGN_STYLE = Automatic;
				DEVELOPMENT_ASSET_PATHS = "\"Duo Temp/Preview Content\"";
				DEVELOPMENT_TEAM = 9MC296Q2Y9;
				ENABLE_PREVIEWS = YES;
				INFOPLIST_FILE = "Duo Temp/Info.plist";
				LD_RUNPATH_SEARCH_PATHS = (
					"$(inherited)",
					"@executable_path/Frameworks",
				);
				PRODUCT_BUNDLE_IDENTIFIER = "eu.eckodesign.Duo-Temp";
				PRODUCT_NAME = "$(TARGET_NAME)";
				SWIFT_VERSION = 5.0;
				TARGETED_DEVICE_FAMILY = "1,2";
			};
			name = Release;
		};
/* End XCBuildConfiguration section */

/* Begin XCConfigurationList section */
		9041F5C42469628300F2E4B7 /* Build configuration list for PBXProject "Duo Temp" */ = {
			isa = XCConfigurationList;
			buildConfigurations = (
				9041F5DE2469628600F2E4B7 /* Debug */,
				9041F5DF2469628600F2E4B7 /* Release */,
			);
			defaultConfigurationIsVisible = 0;
			defaultConfigurationName = Release;
		};
		9041F5E02469628600F2E4B7 /* Build configuration list for PBXNativeTarget "Duo Temp" */ = {
			isa = XCConfigurationList;
			buildConfigurations = (
				9041F5E12469628600F2E4B7 /* Debug */,
				9041F5E22469628600F2E4B7 /* Release */,
			);
			defaultConfigurationIsVisible = 0;
			defaultConfigurationName = Release;
		};
/* End XCConfigurationList section */

/* Begin XCVersionGroup section */
		9041F5D02469628300F2E4B7 /* Duo_Temp.xcdatamodeld */ = {
			isa = XCVersionGroup;
			children = (
				9041F5D12469628300F2E4B7 /* Duo_Temp.xcdatamodel */,
			);
			currentVersion = 9041F5D12469628300F2E4B7 /* Duo_Temp.xcdatamodel */;
			path = Duo_Temp.xcdatamodeld;
			sourceTree = "<group>";
			versionGroupType = wrapper.xcdatamodel;
		};
/* End XCVersionGroup section */
	};
	rootObject = 9041F5C12469628300F2E4B7 /* Project object */;
}
